
Microsoft Visual Studio Solution File, Format Version 12.00
# Visual Studio Version 16
VisualStudioVersion = 16.0.29806.167
MinimumVisualStudioVersion = 10.0.40219.1
Project("{FAE04EC0-301F-11D3-BF4B-00C04F79EFBC}") = "TrafficLights", "TrafficLights\TrafficLights.csproj", "{2A2A0528-B21A-4668-9866-13E663EF1828}"
EndProject
Project("{FAE04EC0-301F-11D3-BF4B-00C04F79EFBC}") = "Lights", "Lights\Lights.csproj", "{D8F83606-2390-4EA4-915F-C005FE3560DE}"
EndProject
Global
	GlobalSection(SolutionConfigurationPlatforms) = preSolution
		Debug|Any CPU = Debug|Any CPU
		Release|Any CPU = Release|Any CPU
	EndGlobalSection
	GlobalSection(ProjectConfigurationPlatforms) = postSolution
		{2A2A0528-B21A-4668-9866-13E663EF1828}.Debug|Any CPU.ActiveCfg = Debug|Any CPU
		{2A2A0528-B21A-4668-9866-13E663EF1828}.Debug|Any CPU.Build.0 = Debug|Any CPU
		{2A2A0528-B21A-4668-9866-13E663EF1828}.Release|Any CPU.ActiveCfg = Release|Any CPU
		{2A2A0528-B21A-4668-9866-13E663EF1828}.Release|Any CPU.Build.0 = Release|Any CPU
		{D8F83606-2390-4EA4-915F-C005FE3560DE}.Debug|Any CPU.ActiveCfg = Debug|Any CPU
		{D8F83606-2390-4EA4-915F-C005FE3560DE}.Debug|Any CPU.Build.0 = Debug|Any CPU
		{D8F83606-2390-4EA4-915F-C005FE3560DE}.Release|Any CPU.ActiveCfg = Release|Any CPU
		{D8F83606-2390-4EA4-915F-C005FE3560DE}.Release|Any CPU.Build.0 = Release|Any CPU
	EndGlobalSection
	GlobalSection(SolutionProperties) = preSolution
		HideSolutionNode = FALSE
	EndGlobalSection
	GlobalSection(ExtensibilityGlobals) = postSolution
		SolutionGuid = {20C2C762-7555-4FAA-8DB8-35D362C09F07}
	EndGlobalSection
EndGlobal
